
Microsoft Visual Studio Solution File, Format Version 12.00
# Visual Studio Version 16
VisualStudioVersion = 16.0.29111.141
MinimumVisualStudioVersion = 10.0.40219.1
Project("{FAE04EC0-301F-11D3-BF4B-00C04F79EFBC}") = "DiscordNitroGeneratorBasic", "DiscordNitroGeneratorBasic.csproj", "{8CF5750F-5149-43E6-8639-0323980B79F2}"
EndProject
Global
	GlobalSection(SolutionConfigurationPlatforms) = preSolution
		Debug|Any CPU = Debug|Any CPU
		Release|Any CPU = Release|Any CPU
	EndGlobalSection
	GlobalSection(ProjectConfigurationPlatforms) = postSolution
		{8CF5750F-5149-43E6-8639-0323980B79F2}.Debug|Any CPU.ActiveCfg = Debug|Any CPU
		{8CF5750F-5149-43E6-8639-0323980B79F2}.Debug|Any CPU.Build.0 = Debug|Any CPU
		{8CF5750F-5149-43E6-8639-0323980B79F2}.Release|Any CPU.ActiveCfg = Release|Any CPU
		{8CF5750F-5149-43E6-8639-0323980B79F2}.Release|Any CPU.Build.0 = Release|Any CPU
	EndGlobalSection
	GlobalSection(SolutionProperties) = preSolution
		HideSolutionNode = FALSE
	EndGlobalSection
	GlobalSection(ExtensibilityGlobals) = postSolution
		SolutionGuid = {CE35C409-95A4-4580-B148-6E06AE02AD52}
	EndGlobalSection
EndGlobal
